// !$*UTF8*$!
{
	archiveVersion = 1;
	classes = {
	};
	objectVersion = 46;
	objects = {

/* Begin PBXBuildFile section */
		94D600921B47F72C0034DE2F /* main.m in Sources */ = {isa = PBXBuildFile; fileRef = 94D600911B47F72C0034DE2F /* main.m */; };
		94D600951B47F72C0034DE2F /* AppDelegate.m in Sources */ = {isa = PBXBuildFile; fileRef = 94D600941B47F72C0034DE2F /* AppDelegate.m */; };
		94D600981B47F72C0034DE2F /* ViewController.m in Sources */ = {isa = PBXBuildFile; fileRef = 94D600971B47F72C0034DE2F /* ViewController.m */; };
		94D6009B1B47F72C0034DE2F /* Main.storyboard in Resources */ = {isa = PBXBuildFile; fileRef = 94D600991B47F72C0034DE2F /* Main.storyboard */; };
		94D6009D1B47F72C0034DE2F /* Images.xcassets in Resources */ = {isa = PBXBuildFile; fileRef = 94D6009C1B47F72C0034DE2F /* Images.xcassets */; };
		94D600A01B47F72C0034DE2F /* LaunchScreen.xib in Resources */ = {isa = PBXBuildFile; fileRef = 94D6009E1B47F72C0034DE2F /* LaunchScreen.xib */; };
		94D600AC1B47F72C0034DE2F /* IDNPageControllerTests.m in Sources */ = {isa = PBXBuildFile; fileRef = 94D600AB1B47F72C0034DE2F /* IDNPageControllerTests.m */; };
		94D600B81B47F76F0034DE2F /* IDNPageController.m in Sources */ = {isa = PBXBuildFile; fileRef = 94D600B71B47F76F0034DE2F /* IDNPageController.m */; };
		94D600BB1B49971D0034DE2F /* ColorController.m in Sources */ = {isa = PBXBuildFile; fileRef = 94D600BA1B49971D0034DE2F /* ColorController.m */; };
/* End PBXBuildFile section */

/* Begin PBXContainerItemProxy section */
		94D600A61B47F72C0034DE2F /* PBXContainerItemProxy */ = {
			isa = PBXContainerItemProxy;
			containerPortal = 94D600841B47F72C0034DE2F /* Project object */;
			proxyType = 1;
			remoteGlobalIDString = 94D6008B1B47F72C0034DE2F;
			remoteInfo = IDNPageController;
		};
/* End PBXContainerItemProxy section */

/* Begin PBXFileReference section */
		94D6008C1B47F72C0034DE2F /* IDNPageController.app */ = {isa = PBXFileReference; explicitFileType = wrapper.application; includeInIndex = 0; path = IDNPageController.app; sourceTree = BUILT_PRODUCTS_DIR; };
		94D600901B47F72C0034DE2F /* Info.plist */ = {isa = PBXFileReference; lastKnownFileType = text.plist.xml; path = Info.plist; sourceTree = "<group>"; };
		94D600911B47F72C0034DE2F /* main.m */ = {isa = PBXFileReference; lastKnownFileType = sourcecode.c.objc; path = main.m; sourceTree = "<group>"; };
		94D600931B47F72C0034DE2F /* AppDelegate.h */ = {isa = PBXFileReference; lastKnownFileType = sourcecode.c.h; path = AppDelegate.h; sourceTree = "<group>"; };
		94D600941B47F72C0034DE2F /* AppDelegate.m */ = {isa = PBXFileReference; lastKnownFileType = sourcecode.c.objc; path = AppDelegate.m; sourceTree = "<group>"; };
		94D600961B47F72C0034DE2F /* ViewController.h */ = {isa = PBXFileReference; lastKnownFileType = sourcecode.c.h; path = ViewController.h; sourceTree = "<group>"; };
		94D600971B47F72C0034DE2F /* ViewController.m */ = {isa = PBXFileReference; lastKnownFileType = sourcecode.c.objc; path = ViewController.m; sourceTree = "<group>"; };
		94D6009A1B47F72C0034DE2F /* Base */ = {isa = PBXFileReference; lastKnownFileType = file.storyboard; name = Base; path = Base.lproj/Main.storyboard; sourceTree = "<group>"; };
		94D6009C1B47F72C0034DE2F /* Images.xcassets */ = {isa = PBXFileReference; lastKnownFileType = folder.assetcatalog; path = Images.xcassets; sourceTree = "<group>"; };
		94D6009F1B47F72C0034DE2F /* Base */ = {isa = PBXFileReference; lastKnownFileType = file.xib; name = Base; path = Base.lproj/LaunchScreen.xib; sourceTree = "<group>"; };
		94D600A51B47F72C0034DE2F /* IDNPageControllerTests.xctest */ = {isa = PBXFileReference; explicitFileType = wrapper.cfbundle; includeInIndex = 0; path = IDNPageControllerTests.xctest; sourceTree = BUILT_PRODUCTS_DIR; };
		94D600AA1B47F72C0034DE2F /* Info.plist */ = {isa = PBXFileReference; lastKnownFileType = text.plist.xml; path = Info.plist; sourceTree = "<group>"; };
		94D600AB1B47F72C0034DE2F /* IDNPageControllerTests.m */ = {isa = PBXFileReference; lastKnownFileType = sourcecode.c.objc; path = IDNPageControllerTests.m; sourceTree = "<group>"; };
		94D600B61B47F76F0034DE2F /* IDNPageController.h */ = {isa = PBXFileReference; fileEncoding = 4; lastKnownFileType = sourcecode.c.h; path = IDNPageController.h; sourceTree = "<group>"; };
		94D600B71B47F76F0034DE2F /* IDNPageController.m */ = {isa = PBXFileReference; fileEncoding = 4; lastKnownFileType = sourcecode.c.objc; path = IDNPageController.m; sourceTree = "<group>"; };
		94D600B91B49971D0034DE2F /* ColorController.h */ = {isa = PBXFileReference; fileEncoding = 4; lastKnownFileType = sourcecode.c.h; path = ColorController.h; sourceTree = "<group>"; };
		94D600BA1B49971D0034DE2F /* ColorController.m */ = {isa = PBXFileReference; fileEncoding = 4; lastKnownFileType = sourcecode.c.objc; path = ColorController.m; sourceTree = "<group>"; };
/* End PBXFileReference section */

/* Begin PBXFrameworksBuildPhase section */
		94D600891B47F72C0034DE2F /* Frameworks */ = {
			isa = PBXFrameworksBuildPhase;
			buildActionMask = 2147483647;
			files = (
			);
			runOnlyForDeploymentPostprocessing = 0;
		};
		94D600A21B47F72C0034DE2F /* Frameworks */ = {
			isa = PBXFrameworksBuildPhase;
			buildActionMask = 2147483647;
			files = (
			);
			runOnlyForDeploymentPostprocessing = 0;
		};
/* End PBXFrameworksBuildPhase section */

/* Begin PBXGroup section */
		94D600831B47F72C0034DE2F = {
			isa = PBXGroup;
			children = (
				94D6008E1B47F72C0034DE2F /* IDNPageController */,
				94D600A81B47F72C0034DE2F /* IDNPageControllerTests */,
				94D6008D1B47F72C0034DE2F /* Products */,
			);
			sourceTree = "<group>";
		};
		94D6008D1B47F72C0034DE2F /* Products */ = {
			isa = PBXGroup;
			children = (
				94D6008C1B47F72C0034DE2F /* IDNPageController.app */,
				94D600A51B47F72C0034DE2F /* IDNPageControllerTests.xctest */,
			);
			name = Products;
			sourceTree = "<group>";
		};
		94D6008E1B47F72C0034DE2F /* IDNPageController */ = {
			isa = PBXGroup;
			children = (
				94D600B51B47F74F0034DE2F /* IDNPageController */,
				94D600931B47F72C0034DE2F /* AppDelegate.h */,
				94D600941B47F72C0034DE2F /* AppDelegate.m */,
				94D600961B47F72C0034DE2F /* ViewController.h */,
				94D600971B47F72C0034DE2F /* ViewController.m */,
				94D600991B47F72C0034DE2F /* Main.storyboard */,
				94D6009C1B47F72C0034DE2F /* Images.xcassets */,
				94D6009E1B47F72C0034DE2F /* LaunchScreen.xib */,
				94D6008F1B47F72C0034DE2F /* Supporting Files */,
				94D600B91B49971D0034DE2F /* ColorController.h */,
				94D600BA1B49971D0034DE2F /* ColorController.m */,
			);
			path = IDNPageController;
			sourceTree = "<group>";
		};
		94D6008F1B47F72C0034DE2F /* Supporting Files */ = {
			isa = PBXGroup;
			children = (
				94D600901B47F72C0034DE2F /* Info.plist */,
				94D600911B47F72C0034DE2F /* main.m */,
			);
			name = "Supporting Files";
			sourceTree = "<group>";
		};
		94D600A81B47F72C0034DE2F /* IDNPageControllerTests */ = {
			isa = PBXGroup;
			children = (
				94D600AB1B47F72C0034DE2F /* IDNPageControllerTests.m */,
				94D600A91B47F72C0034DE2F /* Supporting Files */,
			);
			path = IDNPageControllerTests;
			sourceTree = "<group>";
		};
		94D600A91B47F72C0034DE2F /* Supporting Files */ = {
			isa = PBXGroup;
			children = (
				94D600AA1B47F72C0034DE2F /* Info.plist */,
			);
			name = "Supporting Files";
			sourceTree = "<group>";
		};
		94D600B51B47F74F0034DE2F /* IDNPageController */ = {
			isa = PBXGroup;
			children = (
				94D600B61B47F76F0034DE2F /* IDNPageController.h */,
				94D600B71B47F76F0034DE2F /* IDNPageController.m */,
			);
			path = IDNPageController;
			sourceTree = "<group>";
		};
/* End PBXGroup section */

/* Begin PBXNativeTarget section */
		94D6008B1B47F72C0034DE2F /* IDNPageController */ = {
			isa = PBXNativeTarget;
			buildConfigurationList = 94D600AF1B47F72C0034DE2F /* Build configuration list for PBXNativeTarget "IDNPageController" */;
			buildPhases = (
				94D600881B47F72C0034DE2F /* Sources */,
				94D600891B47F72C0034DE2F /* Frameworks */,
				94D6008A1B47F72C0034DE2F /* Resources */,
			);
			buildRules = (
			);
			dependencies = (
			);
			name = IDNPageController;
			productName = IDNPageController;
			productReference = 94D6008C1B47F72C0034DE2F /* IDNPageController.app */;
			productType = "com.apple.product-type.application";
		};
		94D600A41B47F72C0034DE2F /* IDNPageControllerTests */ = {
			isa = PBXNativeTarget;
			buildConfigurationList = 94D600B21B47F72C0034DE2F /* Build configuration list for PBXNativeTarget "IDNPageControllerTests" */;
			buildPhases = (
				94D600A11B47F72C0034DE2F /* Sources */,
				94D600A21B47F72C0034DE2F /* Frameworks */,
				94D600A31B47F72C0034DE2F /* Resources */,
			);
			buildRules = (
			);
			dependencies = (
				94D600A71B47F72C0034DE2F /* PBXTargetDependency */,
			);
			name = IDNPageControllerTests;
			productName = IDNPageControllerTests;
			productReference = 94D600A51B47F72C0034DE2F /* IDNPageControllerTests.xctest */;
			productType = "com.apple.product-type.bundle.unit-test";
		};
/* End PBXNativeTarget section */

/* Begin PBXProject section */
		94D600841B47F72C0034DE2F /* Project object */ = {
			isa = PBXProject;
			attributes = {
				LastUpgradeCheck = 0630;
				ORGANIZATIONNAME = iosdev.net;
				TargetAttributes = {
					94D6008B1B47F72C0034DE2F = {
						CreatedOnToolsVersion = 6.3.1;
					};
					94D600A41B47F72C0034DE2F = {
						CreatedOnToolsVersion = 6.3.1;
						TestTargetID = 94D6008B1B47F72C0034DE2F;
					};
				};
			};
			buildConfigurationList = 94D600871B47F72C0034DE2F /* Build configuration list for PBXProject "IDNPageController" */;
			compatibilityVersion = "Xcode 3.2";
			developmentRegion = English;
			hasScannedForEncodings = 0;
			knownRegions = (
				en,
				Base,
			);
			mainGroup = 94D600831B47F72C0034DE2F;
			productRefGroup = 94D6008D1B47F72C0034DE2F /* Products */;
			projectDirPath = "";
			projectRoot = "";
			targets = (
				94D6008B1B47F72C0034DE2F /* IDNPageController */,
				94D600A41B47F72C0034DE2F /* IDNPageControllerTests */,
			);
		};
/* End PBXProject section */

/* Begin PBXResourcesBuildPhase section */
		94D6008A1B47F72C0034DE2F /* Resources */ = {
			isa = PBXResourcesBuildPhase;
			buildActionMask = 2147483647;
			files = (
				94D6009B1B47F72C0034DE2F /* Main.storyboard in Resources */,
				94D600A01B47F72C0034DE2F /* LaunchScreen.xib in Resources */,
				94D6009D1B47F72C0034DE2F /* Images.xcassets in Resources */,
			);
			runOnlyForDeploymentPostprocessing = 0;
		};
		94D600A31B47F72C0034DE2F /* Resources */ = {
			isa = PBXResourcesBuildPhase;
			buildActionMask = 2147483647;
			files = (
			);
			runOnlyForDeploymentPostprocessing = 0;
		};
/* End PBXResourcesBuildPhase section */

/* Begin PBXSourcesBuildPhase section */
		94D600881B47F72C0034DE2F /* Sources */ = {
			isa = PBXSourcesBuildPhase;
			buildActionMask = 2147483647;
			files = (
				94D600981B47F72C0034DE2F /* ViewController.m in Sources */,
				94D600951B47F72C0034DE2F /* AppDelegate.m in Sources */,
				94D600BB1B49971D0034DE2F /* ColorController.m in Sources */,
				94D600B81B47F76F0034DE2F /* IDNPageController.m in Sources */,
				94D600921B47F72C0034DE2F /* main.m in Sources */,
			);
			runOnlyForDeploymentPostprocessing = 0;
		};
		94D600A11B47F72C0034DE2F /* Sources */ = {
			isa = PBXSourcesBuildPhase;
			buildActionMask = 2147483647;
			files = (
				94D600AC1B47F72C0034DE2F /* IDNPageControllerTests.m in Sources */,
			);
			runOnlyForDeploymentPostprocessing = 0;
		};
/* End PBXSourcesBuildPhase section */

/* Begin PBXTargetDependency section */
		94D600A71B47F72C0034DE2F /* PBXTargetDependency */ = {
			isa = PBXTargetDependency;
			target = 94D6008B1B47F72C0034DE2F /* IDNPageController */;
			targetProxy = 94D600A61B47F72C0034DE2F /* PBXContainerItemProxy */;
		};
/* End PBXTargetDependency section */

/* Begin PBXVariantGroup section */
		94D600991B47F72C0034DE2F /* Main.storyboard */ = {
			isa = PBXVariantGroup;
			children = (
				94D6009A1B47F72C0034DE2F /* Base */,
			);
			name = Main.storyboard;
			sourceTree = "<group>";
		};
		94D6009E1B47F72C0034DE2F /* LaunchScreen.xib */ = {
			isa = PBXVariantGroup;
			children = (
				94D6009F1B47F72C0034DE2F /* Base */,
			);
			name = LaunchScreen.xib;
			sourceTree = "<group>";
		};
/* End PBXVariantGroup section */

/* Begin XCBuildConfiguration section */
		94D600AD1B47F72C0034DE2F /* Debug */ = {
			isa = XCBuildConfiguration;
			buildSettings = {
				ALWAYS_SEARCH_USER_PATHS = NO;
				CLANG_CXX_LANGUAGE_STANDARD = "gnu++0x";
				CLANG_CXX_LIBRARY = "libc++";
				CLANG_ENABLE_MODULES = YES;
				CLANG_ENABLE_OBJC_ARC = YES;
				CLANG_WARN_BOOL_CONVERSION = YES;
				CLANG_WARN_CONSTANT_CONVERSION = YES;
				CLANG_WARN_DIRECT_OBJC_ISA_USAGE = YES_ERROR;
				CLANG_WARN_EMPTY_BODY = YES;
				CLANG_WARN_ENUM_CONVERSION = YES;
				CLANG_WARN_INT_CONVERSION = YES;
				CLANG_WARN_OBJC_ROOT_CLASS = YES_ERROR;
				CLANG_WARN_UNREACHABLE_CODE = YES;
				CLANG_WARN__DUPLICATE_METHOD_MATCH = YES;
				"CODE_SIGN_IDENTITY[sdk=iphoneos*]" = "iPhone Developer";
				COPY_PHASE_STRIP = NO;
				DEBUG_INFORMATION_FORMAT = "dwarf-with-dsym";
				ENABLE_STRICT_OBJC_MSGSEND = YES;
				GCC_C_LANGUAGE_STANDARD = gnu99;
				GCC_DYNAMIC_NO_PIC = NO;
				GCC_NO_COMMON_BLOCKS = YES;
				GCC_OPTIMIZATION_LEVEL = 0;
				GCC_PREPROCESSOR_DEFINITIONS = (
					"DEBUG=1",
					"$(inherited)",
				);
				GCC_SYMBOLS_PRIVATE_EXTERN = NO;
				GCC_WARN_64_TO_32_BIT_CONVERSION = YES;
				GCC_WARN_ABOUT_RETURN_TYPE = YES_ERROR;
				GCC_WARN_UNDECLARED_SELECTOR = YES;
				GCC_WARN_UNINITIALIZED_AUTOS = YES_AGGRESSIVE;
				GCC_WARN_UNUSED_FUNCTION = YES;
				GCC_WARN_UNUSED_VARIABLE = YES;
				IPHONEOS_DEPLOYMENT_TARGET = 8.3;
				MTL_ENABLE_DEBUG_INFO = YES;
				ONLY_ACTIVE_ARCH = YES;
				SDKROOT = iphoneos;
			};
			name = Debug;
		};
		94D600AE1B47F72C0034DE2F /* Release */ = {
			isa = XCBuildConfiguration;
			buildSettings = {
				ALWAYS_SEARCH_USER_PATHS = NO;
				CLANG_CXX_LANGUAGE_STANDARD = "gnu++0x";
				CLANG_CXX_LIBRARY = "libc++";
				CLANG_ENABLE_MODULES = YES;
				CLANG_ENABLE_OBJC_ARC = YES;
				CLANG_WARN_BOOL_CONVERSION = YES;
				CLANG_WARN_CONSTANT_CONVERSION = YES;
				CLANG_WARN_DIRECT_OBJC_ISA_USAGE = YES_ERROR;
				CLANG_WARN_EMPTY_BODY = YES;
				CLANG_WARN_ENUM_CONVERSION = YES;
				CLANG_WARN_INT_CONVERSION = YES;
				CLANG_WARN_OBJC_ROOT_CLASS = YES_ERROR;
				CLANG_WARN_UNREACHABLE_CODE = YES;
				CLANG_WARN__DUPLICATE_METHOD_MATCH = YES;
				"CODE_SIGN_IDENTITY[sdk=iphoneos*]" = "iPhone Developer";
				COPY_PHASE_STRIP = NO;
				DEBUG_INFORMATION_FORMAT = "dwarf-with-dsym";
				ENABLE_NS_ASSERTIONS = NO;
				ENABLE_STRICT_OBJC_MSGSEND = YES;
				GCC_C_LANGUAGE_STANDARD = gnu99;
				GCC_NO_COMMON_BLOCKS = YES;
				GCC_WARN_64_TO_32_BIT_CONVERSION = YES;
				GCC_WARN_ABOUT_RETURN_TYPE = YES_ERROR;
				GCC_WARN_UNDECLARED_SELECTOR = YES;
				GCC_WARN_UNINITIALIZED_AUTOS = YES_AGGRESSIVE;
				GCC_WARN_UNUSED_FUNCTION = YES;
				GCC_WARN_UNUSED_VARIABLE = YES;
				IPHONEOS_DEPLOYMENT_TARGET = 8.3;
				MTL_ENABLE_DEBUG_INFO = NO;
				SDKROOT = iphoneos;
				VALIDATE_PRODUCT = YES;
			};
			name = Release;
		};
		94D600B01B47F72C0034DE2F /* Debug */ = {
			isa = XCBuildConfiguration;
			buildSettings = {
				ASSETCATALOG_COMPILER_APPICON_NAME = AppIcon;
				INFOPLIST_FILE = IDNPageController/Info.plist;
				IPHONEOS_DEPLOYMENT_TARGET = 6.0;
				LD_RUNPATH_SEARCH_PATHS = "$(inherited) @executable_path/Frameworks";
				PRODUCT_NAME = "$(TARGET_NAME)";
			};
			name = Debug;
		};
		94D600B11B47F72C0034DE2F /* Release */ = {
			isa = XCBuildConfiguration;
			buildSettings = {
				ASSETCATALOG_COMPILER_APPICON_NAME = AppIcon;
				INFOPLIST_FILE = IDNPageController/Info.plist;
				IPHONEOS_DEPLOYMENT_TARGET = 6.0;
				LD_RUNPATH_SEARCH_PATHS = "$(inherited) @executable_path/Frameworks";
				PRODUCT_NAME = "$(TARGET_NAME)";
			};
			name = Release;
		};
		94D600B31B47F72C0034DE2F /* Debug */ = {
			isa = XCBuildConfiguration;
			buildSettings = {
				BUNDLE_LOADER = "$(TEST_HOST)";
				FRAMEWORK_SEARCH_PATHS = (
					"$(SDKROOT)/Developer/Library/Frameworks",
					"$(inherited)",
				);
				GCC_PREPROCESSOR_DEFINITIONS = (
					"DEBUG=1",
					"$(inherited)",
				);
				INFOPLIST_FILE = IDNPageControllerTests/Info.plist;
				LD_RUNPATH_SEARCH_PATHS = "$(inherited) @executable_path/Frameworks @loader_path/Frameworks";
				PRODUCT_NAME = "$(TARGET_NAME)";
				TEST_HOST = "$(BUILT_PRODUCTS_DIR)/IDNPageController.app/IDNPageController";
			};
			name = Debug;
		};
		94D600B41B47F72C0034DE2F /* Release */ = {
			isa = XCBuildConfiguration;
			buildSettings = {
				BUNDLE_LOADER = "$(TEST_HOST)";
				FRAMEWORK_SEARCH_PATHS = (
					"$(SDKROOT)/Developer/Library/Frameworks",
					"$(inherited)",
				);
				INFOPLIST_FILE = IDNPageControllerTests/Info.plist;
				LD_RUNPATH_SEARCH_PATHS = "$(inherited) @executable_path/Frameworks @loader_path/Frameworks";
				PRODUCT_NAME = "$(TARGET_NAME)";
				TEST_HOST = "$(BUILT_PRODUCTS_DIR)/IDNPageController.app/IDNPageController";
			};
			name = Release;
		};
/* End XCBuildConfiguration section */

/* Begin XCConfigurationList section */
		94D600871B47F72C0034DE2F /* Build configuration list for PBXProject "IDNPageController" */ = {
			isa = XCConfigurationList;
			buildConfigurations = (
				94D600AD1B47F72C0034DE2F /* Debug */,
				94D600AE1B47F72C0034DE2F /* Release */,
			);
			defaultConfigurationIsVisible = 0;
			defaultConfigurationName = Release;
		};
		94D600AF1B47F72C0034DE2F /* Build configuration list for PBXNativeTarget "IDNPageController" */ = {
			isa = XCConfigurationList;
			buildConfigurations = (
				94D600B01B47F72C0034DE2F /* Debug */,
				94D600B11B47F72C0034DE2F /* Release */,
			);
			defaultConfigurationIsVisible = 0;
		};
		94D600B21B47F72C0034DE2F /* Build configuration list for PBXNativeTarget "IDNPageControllerTests" */ = {
			isa = XCConfigurationList;
			buildConfigurations = (
				94D600B31B47F72C0034DE2F /* Debug */,
				94D600B41B47F72C0034DE2F /* Release */,
			);
			defaultConfigurationIsVisible = 0;
		};
/* End XCConfigurationList section */
	};
	rootObject = 94D600841B47F72C0034DE2F /* Project object */;
}
